<?xml version="1.0" encoding="utf-8"?>
<Project ToolsVersion="4.0" xmlns="http://schemas.microsoft.com/developer/msbuild/2003">
  <ItemGroup>
    <Filter Include="소스 파일">
      <UniqueIdentifier>{4FC737F1-C7A5-4376-A066-2A32D752A2FF}</UniqueIdentifier>
      <Extensions>cpp;c;cc;cxx;c++;cppm;ixx;def;odl;idl;hpj;bat;asm;asmx</Extensions>
    </Filter>
    <Filter Include="헤더 파일">
      <UniqueIdentifier>{93995380-89BD-4b04-88EB-625FBE52EBFB}</UniqueIdentifier>
      <Extensions>h;hh;hpp;hxx;h++;hm;inl;inc;ipp;xsd</Extensions>
    </Filter>
    <Filter Include="리소스 파일">
      <UniqueIdentifier>{67DA6AB6-F800-4c08-8B7A-83BB121AAD01}</UniqueIdentifier>
      <Extensions>rc;ico;cur;bmp;dlg;rc2;rct;bin;rgs;gif;jpg;jpeg;jpe;resx;tiff;tif;png;wav;mfcribbon-ms</Extensions>
    </Filter>
    <Filter Include="소스 파일\99.Headers">
      <UniqueIdentifier>{2faa0c09-05b8-4111-aa12-404ab2dab636}</UniqueIdentifier>
    </Filter>
    <Filter Include="소스 파일\01.Main">
      <UniqueIdentifier>{02d7dd15-b88c-47fa-915c-45969ec1ac0a}</UniqueIdentifier>
    </Filter>
    <Filter Include="소스 파일\99.Headers\Andromeda">
      <UniqueIdentifier>{5eb7a980-597a-4244-8285-fea793abd009}</UniqueIdentifier>
    </Filter>
    <Filter Include="소스 파일\98.Shaders">
      <UniqueIdentifier>{aa363ad9-c95f-4255-9b87-0321ad837319}</UniqueIdentifier>
    </Filter>
    <Filter Include="소스 파일\97.SimpleMath">
      <UniqueIdentifier>{bb01c76e-5f2d-422c-bd61-17eff53b31db}</UniqueIdentifier>
    </Filter>
    <Filter Include="소스 파일\00.Engine">
      <UniqueIdentifier>{ca5c4884-5a31-4a85-bf83-64a566267739}</UniqueIdentifier>
    </Filter>
    <Filter Include="소스 파일\00.Engine\Pipeline">
      <UniqueIdentifier>{799800ca-4805-4774-9f02-4b3ba483698d}</UniqueIdentifier>
    </Filter>
    <Filter Include="소스 파일\00.Engine\Pipeline\00.Geometry">
      <UniqueIdentifier>{ab2b65ee-9fea-4fd3-8aef-2541d2a428da}</UniqueIdentifier>
    </Filter>
    <Filter Include="소스 파일\00.Engine\Pipeline\01.InputAssembler">
      <UniqueIdentifier>{b4879ce3-6fa6-4590-8c91-61d6c1362fe2}</UniqueIdentifier>
    </Filter>
    <Filter Include="소스 파일\00.Engine\Pipeline\02.VertexShader">
      <UniqueIdentifier>{5a292166-5768-4df0-ae4c-4eef9354e5d0}</UniqueIdentifier>
    </Filter>
    <Filter Include="소스 파일\00.Engine\Pipeline\03.Rasterizer">
      <UniqueIdentifier>{201c80bb-0f7c-4158-9ba7-c4c76406e2ca}</UniqueIdentifier>
    </Filter>
    <Filter Include="소스 파일\00.Engine\Pipeline\04.PixelShader">
      <UniqueIdentifier>{ad6ec648-0ab9-420e-9d2c-5dce654ce2a7}</UniqueIdentifier>
    </Filter>
    <Filter Include="소스 파일\00.Engine\Pipeline\05.OutputMerger">
      <UniqueIdentifier>{90f14f37-b95e-4f61-a38f-fa3a29fa16a5}</UniqueIdentifier>
    </Filter>
  </ItemGroup>
  <ItemGroup>
    <ClInclude Include="pch.h">
      <Filter>소스 파일\99.Headers</Filter>
    </ClInclude>
    <ClInclude Include="GameCoding.h">
      <Filter>소스 파일\99.Headers\Andromeda</Filter>
    </ClInclude>
    <ClInclude Include="framework.h">
      <Filter>소스 파일\99.Headers\Andromeda</Filter>
    </ClInclude>
    <ClInclude Include="Resource.h">
      <Filter>소스 파일\99.Headers\Andromeda</Filter>
    </ClInclude>
    <ClInclude Include="targetver.h">
      <Filter>소스 파일\99.Headers\Andromeda</Filter>
    </ClInclude>
    <ClInclude Include="Values.h">
      <Filter>소스 파일\99.Headers</Filter>
    </ClInclude>
    <ClInclude Include="Struct.h">
      <Filter>소스 파일\99.Headers</Filter>
    </ClInclude>
    <ClInclude Include="Types.h">
      <Filter>소스 파일\99.Headers</Filter>
    </ClInclude>
    <ClInclude Include="Game.h">
      <Filter>소스 파일\01.Main</Filter>
    </ClInclude>
    <ClInclude Include="SimpleMath.h">
      <Filter>소스 파일\01.Main</Filter>
    </ClInclude>
    <ClInclude Include="Graphics.h">
      <Filter>소스 파일\00.Engine\Pipeline</Filter>
    </ClInclude>
    <ClInclude Include="IndexBuffer.h">
      <Filter>소스 파일\00.Engine\Pipeline\01.InputAssembler</Filter>
    </ClInclude>
    <ClInclude Include="InputLayout.h">
      <Filter>소스 파일\00.Engine\Pipeline\01.InputAssembler</Filter>
    </ClInclude>
    <ClInclude Include="VertexBuffer.h">
      <Filter>소스 파일\00.Engine\Pipeline\01.InputAssembler</Filter>
    </ClInclude>
    <ClInclude Include="Geometry.h">
      <Filter>소스 파일\00.Engine\Pipeline\00.Geometry</Filter>
    </ClInclude>
    <ClInclude Include="GeometryHelper.h">
      <Filter>소스 파일\00.Engine\Pipeline\00.Geometry</Filter>
    </ClInclude>
    <ClInclude Include="VertexData.h">
      <Filter>소스 파일\00.Engine\Pipeline\00.Geometry</Filter>
    </ClInclude>
    <ClInclude Include="Shader.h">
      <Filter>소스 파일\00.Engine\Pipeline\02.VertexShader</Filter>
    </ClInclude>
    <ClInclude Include="ConstantBuffer.h">
      <Filter>소스 파일\00.Engine\Pipeline\02.VertexShader</Filter>
    </ClInclude>
    <ClInclude Include="Texture.h">
      <Filter>소스 파일\00.Engine\Pipeline\04.PixelShader</Filter>
    </ClInclude>
  </ItemGroup>
  <ItemGroup>
    <ResourceCompile Include="GameCoding.rc">
      <Filter>리소스 파일</Filter>
    </ResourceCompile>
  </ItemGroup>
  <ItemGroup>
    <Image Include="small.ico">
      <Filter>리소스 파일</Filter>
    </Image>
    <Image Include="GameCoding.ico">
      <Filter>리소스 파일</Filter>
    </Image>
  </ItemGroup>
  <ItemGroup>
    <ClCompile Include="GameCoding.cpp">
      <Filter>소스 파일\01.Main</Filter>
    </ClCompile>
    <ClCompile Include="pch.cpp">
      <Filter>소스 파일\99.Headers</Filter>
    </ClCompile>
    <ClCompile Include="Game.cpp">
      <Filter>소스 파일\01.Main</Filter>
    </ClCompile>
    <ClCompile Include="SimpleMath.cpp">
      <Filter>소스 파일\97.SimpleMath</Filter>
    </ClCompile>
    <ClCompile Include="Graphics.cpp">
      <Filter>소스 파일\00.Engine\Pipeline</Filter>
    </ClCompile>
    <ClCompile Include="IndexBuffer.cpp">
      <Filter>소스 파일\00.Engine\Pipeline\01.InputAssembler</Filter>
    </ClCompile>
    <ClCompile Include="InputLayout.cpp">
      <Filter>소스 파일\00.Engine\Pipeline\01.InputAssembler</Filter>
    </ClCompile>
    <ClCompile Include="VertexBuffer.cpp">
      <Filter>소스 파일\00.Engine\Pipeline\01.InputAssembler</Filter>
    </ClCompile>
    <ClCompile Include="Geometry.cpp">
      <Filter>소스 파일\00.Engine\Pipeline\00.Geometry</Filter>
    </ClCompile>
    <ClCompile Include="GeometryHelper.cpp">
      <Filter>소스 파일\00.Engine\Pipeline\00.Geometry</Filter>
    </ClCompile>
    <ClCompile Include="VertexData.cpp">
      <Filter>소스 파일\00.Engine\Pipeline\00.Geometry</Filter>
    </ClCompile>
    <ClCompile Include="Shader.cpp">
      <Filter>소스 파일\00.Engine\Pipeline\02.VertexShader</Filter>
    </ClCompile>
    <ClCompile Include="ConstantBuffer.cpp">
      <Filter>소스 파일\00.Engine\Pipeline\02.VertexShader</Filter>
    </ClCompile>
    <ClCompile Include="Texture.cpp">
      <Filter>소스 파일\00.Engine\Pipeline\04.PixelShader</Filter>
    </ClCompile>
  </ItemGroup>
  <ItemGroup>
    <FxCompile Include="Default.hlsl">
      <Filter>소스 파일\98.Shaders</Filter>
    </FxCompile>
  </ItemGroup>
  <ItemGroup>
    <None Include="SimpleMath.inl">
      <Filter>소스 파일\01.Main</Filter>
    </None>
  </ItemGroup>
</Project>